{
  "pins" : [
    {
      "identity" : "alertcontroller",
      "kind" : "remoteSourceControl",
      "location" : "https://github.com/Lakr233/AlertController",
      "state" : {
        "revision" : "27bc85ec9a25916b6c87df214c43312e6922c7df",
        "version" : "1.1.0"
      }
    },
    {
      "identity" : "alignedcollectionviewflowlayout",
      "kind" : "remoteSourceControl",
      "location" : "https://github.com/mischa-hildebrand/AlignedCollectionViewFlowLayout",
      "state" : {
        "revision" : "236094ac389234d528cc782c140bcb20724b86bf",
        "version" : "1.1.3"
      }
    },
    {
      "identity" : "scrubberkit",
      "kind" : "remoteSourceControl",
      "location" : "https://github.com/Lakr233/ScrubberKit",
      "state" : {
        "branch" : "main",
        "revision" : "9db765d4ce66c8eb6778472903c3e8d041349527"
      }
    },
    {
      "identity" : "swift-collections",
      "kind" : "remoteSourceControl",
      "location" : "https://github.com/apple/swift-collections",
      "state" : {
        "revision" : "671108c96644956dddcd89dd59c203dcdb36cec7",
        "version" : "1.1.4"
      }
    },
    {
      "identity" : "swiftsoup",
      "kind" : "remoteSourceControl",
      "location" : "https://github.com/scinfu/SwiftSoup",
      "state" : {
        "revision" : "18ad8b8ff0f03f3c0a5544ffccfa2ea1c051ae6e",
        "version" : "2.8.0"
      }
    }
  ],
  "version" : 2
}
